// !$*UTF8*$!
{
	archiveVersion = 1;
	classes = {
	};
	objectVersion = 46;
	objects = {

/* Begin PBXBuildFile section */
		499C6D9D1C63DF2E000A3CA7 /* AppDelegate.swift in Sources */ = {isa = PBXBuildFile; fileRef = 499C6D9C1C63DF2E000A3CA7 /* AppDelegate.swift */; };
		499C6DA21C63DF2E000A3CA7 /* Main.storyboard in Resources */ = {isa = PBXBuildFile; fileRef = 499C6DA01C63DF2E000A3CA7 /* Main.storyboard */; };
		499C6DA41C63DF2E000A3CA7 /* Assets.xcassets in Resources */ = {isa = PBXBuildFile; fileRef = 499C6DA31C63DF2E000A3CA7 /* Assets.xcassets */; };
		499C6DA71C63DF2E000A3CA7 /* LaunchScreen.storyboard in Resources */ = {isa = PBXBuildFile; fileRef = 499C6DA51C63DF2E000A3CA7 /* LaunchScreen.storyboard */; };
		499C6DB21C63DF2F000A3CA7 /* GistsTests.swift in Sources */ = {isa = PBXBuildFile; fileRef = 499C6DB11C63DF2F000A3CA7 /* GistsTests.swift */; };
		499C6DC31C63DF6B000A3CA7 /* ListGistsConfigurator.swift in Sources */ = {isa = PBXBuildFile; fileRef = 499C6DBC1C63DF6B000A3CA7 /* ListGistsConfigurator.swift */; };
		499C6DC41C63DF6B000A3CA7 /* ListGistsInteractor.swift in Sources */ = {isa = PBXBuildFile; fileRef = 499C6DBD1C63DF6B000A3CA7 /* ListGistsInteractor.swift */; };
		499C6DC51C63DF6B000A3CA7 /* ListGistsModels.swift in Sources */ = {isa = PBXBuildFile; fileRef = 499C6DBE1C63DF6B000A3CA7 /* ListGistsModels.swift */; };
		499C6DC61C63DF6B000A3CA7 /* ListGistsPresenter.swift in Sources */ = {isa = PBXBuildFile; fileRef = 499C6DBF1C63DF6B000A3CA7 /* ListGistsPresenter.swift */; };
		499C6DC71C63DF6B000A3CA7 /* ListGistsRouter.swift in Sources */ = {isa = PBXBuildFile; fileRef = 499C6DC01C63DF6B000A3CA7 /* ListGistsRouter.swift */; };
		499C6DC81C63DF6B000A3CA7 /* ListGistsViewController.swift in Sources */ = {isa = PBXBuildFile; fileRef = 499C6DC11C63DF6B000A3CA7 /* ListGistsViewController.swift */; };
		499C6DC91C63DF6B000A3CA7 /* ListGistsWorker.swift in Sources */ = {isa = PBXBuildFile; fileRef = 499C6DC21C63DF6B000A3CA7 /* ListGistsWorker.swift */; };
/* End PBXBuildFile section */

/* Begin PBXContainerItemProxy section */
		499C6DAE1C63DF2F000A3CA7 /* PBXContainerItemProxy */ = {
			isa = PBXContainerItemProxy;
			containerPortal = 499C6D911C63DF2E000A3CA7 /* Project object */;
			proxyType = 1;
			remoteGlobalIDString = 499C6D981C63DF2E000A3CA7;
			remoteInfo = Gists;
		};
/* End PBXContainerItemProxy section */

/* Begin PBXFileReference section */
		499C6D991C63DF2E000A3CA7 /* Gists.app */ = {isa = PBXFileReference; explicitFileType = wrapper.application; includeInIndex = 0; path = Gists.app; sourceTree = BUILT_PRODUCTS_DIR; };
		499C6D9C1C63DF2E000A3CA7 /* AppDelegate.swift */ = {isa = PBXFileReference; lastKnownFileType = sourcecode.swift; path = AppDelegate.swift; sourceTree = "<group>"; };
		499C6DA11C63DF2E000A3CA7 /* Base */ = {isa = PBXFileReference; lastKnownFileType = file.storyboard; name = Base; path = Base.lproj/Main.storyboard; sourceTree = "<group>"; };
		499C6DA31C63DF2E000A3CA7 /* Assets.xcassets */ = {isa = PBXFileReference; lastKnownFileType = folder.assetcatalog; path = Assets.xcassets; sourceTree = "<group>"; };
		499C6DA61C63DF2E000A3CA7 /* Base */ = {isa = PBXFileReference; lastKnownFileType = file.storyboard; name = Base; path = Base.lproj/LaunchScreen.storyboard; sourceTree = "<group>"; };
		499C6DA81C63DF2E000A3CA7 /* Info.plist */ = {isa = PBXFileReference; lastKnownFileType = text.plist.xml; path = Info.plist; sourceTree = "<group>"; };
		499C6DAD1C63DF2F000A3CA7 /* GistsTests.xctest */ = {isa = PBXFileReference; explicitFileType = wrapper.cfbundle; includeInIndex = 0; path = GistsTests.xctest; sourceTree = BUILT_PRODUCTS_DIR; };
		499C6DB11C63DF2F000A3CA7 /* GistsTests.swift */ = {isa = PBXFileReference; lastKnownFileType = sourcecode.swift; path = GistsTests.swift; sourceTree = "<group>"; };
		499C6DB31C63DF2F000A3CA7 /* Info.plist */ = {isa = PBXFileReference; lastKnownFileType = text.plist.xml; path = Info.plist; sourceTree = "<group>"; };
		499C6DBC1C63DF6B000A3CA7 /* ListGistsConfigurator.swift */ = {isa = PBXFileReference; fileEncoding = 4; lastKnownFileType = sourcecode.swift; path = ListGistsConfigurator.swift; sourceTree = "<group>"; };
		499C6DBD1C63DF6B000A3CA7 /* ListGistsInteractor.swift */ = {isa = PBXFileReference; fileEncoding = 4; lastKnownFileType = sourcecode.swift; path = ListGistsInteractor.swift; sourceTree = "<group>"; };
		499C6DBE1C63DF6B000A3CA7 /* ListGistsModels.swift */ = {isa = PBXFileReference; fileEncoding = 4; lastKnownFileType = sourcecode.swift; path = ListGistsModels.swift; sourceTree = "<group>"; };
		499C6DBF1C63DF6B000A3CA7 /* ListGistsPresenter.swift */ = {isa = PBXFileReference; fileEncoding = 4; lastKnownFileType = sourcecode.swift; path = ListGistsPresenter.swift; sourceTree = "<group>"; };
		499C6DC01C63DF6B000A3CA7 /* ListGistsRouter.swift */ = {isa = PBXFileReference; fileEncoding = 4; lastKnownFileType = sourcecode.swift; path = ListGistsRouter.swift; sourceTree = "<group>"; };
		499C6DC11C63DF6B000A3CA7 /* ListGistsViewController.swift */ = {isa = PBXFileReference; fileEncoding = 4; lastKnownFileType = sourcecode.swift; path = ListGistsViewController.swift; sourceTree = "<group>"; };
		499C6DC21C63DF6B000A3CA7 /* ListGistsWorker.swift */ = {isa = PBXFileReference; fileEncoding = 4; lastKnownFileType = sourcecode.swift; path = ListGistsWorker.swift; sourceTree = "<group>"; };
/* End PBXFileReference section */

/* Begin PBXFrameworksBuildPhase section */
		499C6D961C63DF2E000A3CA7 /* Frameworks */ = {
			isa = PBXFrameworksBuildPhase;
			buildActionMask = 2147483647;
			files = (
			);
			runOnlyForDeploymentPostprocessing = 0;
		};
		499C6DAA1C63DF2F000A3CA7 /* Frameworks */ = {
			isa = PBXFrameworksBuildPhase;
			buildActionMask = 2147483647;
			files = (
			);
			runOnlyForDeploymentPostprocessing = 0;
		};
/* End PBXFrameworksBuildPhase section */

/* Begin PBXGroup section */
		499C6D901C63DF2E000A3CA7 = {
			isa = PBXGroup;
			children = (
				499C6D9B1C63DF2E000A3CA7 /* Gists */,
				499C6DB01C63DF2F000A3CA7 /* GistsTests */,
				499C6D9A1C63DF2E000A3CA7 /* Products */,
			);
			sourceTree = "<group>";
		};
		499C6D9A1C63DF2E000A3CA7 /* Products */ = {
			isa = PBXGroup;
			children = (
				499C6D991C63DF2E000A3CA7 /* Gists.app */,
				499C6DAD1C63DF2F000A3CA7 /* GistsTests.xctest */,
			);
			name = Products;
			sourceTree = "<group>";
		};
		499C6D9B1C63DF2E000A3CA7 /* Gists */ = {
			isa = PBXGroup;
			children = (
				499C6D9C1C63DF2E000A3CA7 /* AppDelegate.swift */,
				499C6DA01C63DF2E000A3CA7 /* Main.storyboard */,
				499C6DCA1C63E046000A3CA7 /* Scenes */,
				499C6DA31C63DF2E000A3CA7 /* Assets.xcassets */,
				499C6DA51C63DF2E000A3CA7 /* LaunchScreen.storyboard */,
				499C6DA81C63DF2E000A3CA7 /* Info.plist */,
			);
			path = Gists;
			sourceTree = "<group>";
		};
		499C6DB01C63DF2F000A3CA7 /* GistsTests */ = {
			isa = PBXGroup;
			children = (
				499C6DB11C63DF2F000A3CA7 /* GistsTests.swift */,
				499C6DB31C63DF2F000A3CA7 /* Info.plist */,
			);
			path = GistsTests;
			sourceTree = "<group>";
		};
		499C6DCA1C63E046000A3CA7 /* Scenes */ = {
			isa = PBXGroup;
			children = (
				499C6DCB1C63E45C000A3CA7 /* List Gists */,
			);
			name = Scenes;
			sourceTree = "<group>";
		};
		499C6DCB1C63E45C000A3CA7 /* List Gists */ = {
			isa = PBXGroup;
			children = (
				499C6DBC1C63DF6B000A3CA7 /* ListGistsConfigurator.swift */,
				499C6DBD1C63DF6B000A3CA7 /* ListGistsInteractor.swift */,
				499C6DBE1C63DF6B000A3CA7 /* ListGistsModels.swift */,
				499C6DBF1C63DF6B000A3CA7 /* ListGistsPresenter.swift */,
				499C6DC01C63DF6B000A3CA7 /* ListGistsRouter.swift */,
				499C6DC11C63DF6B000A3CA7 /* ListGistsViewController.swift */,
				499C6DC21C63DF6B000A3CA7 /* ListGistsWorker.swift */,
			);
			name = "List Gists";
			sourceTree = "<group>";
		};
/* End PBXGroup section */

/* Begin PBXNativeTarget section */
		499C6D981C63DF2E000A3CA7 /* Gists */ = {
			isa = PBXNativeTarget;
			buildConfigurationList = 499C6DB61C63DF2F000A3CA7 /* Build configuration list for PBXNativeTarget "Gists" */;
			buildPhases = (
				499C6D951C63DF2E000A3CA7 /* Sources */,
				499C6D961C63DF2E000A3CA7 /* Frameworks */,
				499C6D971C63DF2E000A3CA7 /* Resources */,
			);
			buildRules = (
			);
			dependencies = (
			);
			name = Gists;
			productName = Gists;
			productReference = 499C6D991C63DF2E000A3CA7 /* Gists.app */;
			productType = "com.apple.product-type.application";
		};
		499C6DAC1C63DF2F000A3CA7 /* GistsTests */ = {
			isa = PBXNativeTarget;
			buildConfigurationList = 499C6DB91C63DF2F000A3CA7 /* Build configuration list for PBXNativeTarget "GistsTests" */;
			buildPhases = (
				499C6DA91C63DF2F000A3CA7 /* Sources */,
				499C6DAA1C63DF2F000A3CA7 /* Frameworks */,
				499C6DAB1C63DF2F000A3CA7 /* Resources */,
			);
			buildRules = (
			);
			dependencies = (
				499C6DAF1C63DF2F000A3CA7 /* PBXTargetDependency */,
			);
			name = GistsTests;
			productName = GistsTests;
			productReference = 499C6DAD1C63DF2F000A3CA7 /* GistsTests.xctest */;
			productType = "com.apple.product-type.bundle.unit-test";
		};
/* End PBXNativeTarget section */

/* Begin PBXProject section */
		499C6D911C63DF2E000A3CA7 /* Project object */ = {
			isa = PBXProject;
			attributes = {
				LastSwiftUpdateCheck = 0720;
				LastUpgradeCheck = 0720;
				ORGANIZATIONNAME = SPM;
				TargetAttributes = {
					499C6D981C63DF2E000A3CA7 = {
						CreatedOnToolsVersion = 7.2.1;
					};
					499C6DAC1C63DF2F000A3CA7 = {
						CreatedOnToolsVersion = 7.2.1;
						TestTargetID = 499C6D981C63DF2E000A3CA7;
					};
				};
			};
			buildConfigurationList = 499C6D941C63DF2E000A3CA7 /* Build configuration list for PBXProject "Gists" */;
			compatibilityVersion = "Xcode 3.2";
			developmentRegion = English;
			hasScannedForEncodings = 0;
			knownRegions = (
				en,
				Base,
			);
			mainGroup = 499C6D901C63DF2E000A3CA7;
			productRefGroup = 499C6D9A1C63DF2E000A3CA7 /* Products */;
			projectDirPath = "";
			projectRoot = "";
			targets = (
				499C6D981C63DF2E000A3CA7 /* Gists */,
				499C6DAC1C63DF2F000A3CA7 /* GistsTests */,
			);
		};
/* End PBXProject section */

/* Begin PBXResourcesBuildPhase section */
		499C6D971C63DF2E000A3CA7 /* Resources */ = {
			isa = PBXResourcesBuildPhase;
			buildActionMask = 2147483647;
			files = (
				499C6DA71C63DF2E000A3CA7 /* LaunchScreen.storyboard in Resources */,
				499C6DA41C63DF2E000A3CA7 /* Assets.xcassets in Resources */,
				499C6DA21C63DF2E000A3CA7 /* Main.storyboard in Resources */,
			);
			runOnlyForDeploymentPostprocessing = 0;
		};
		499C6DAB1C63DF2F000A3CA7 /* Resources */ = {
			isa = PBXResourcesBuildPhase;
			buildActionMask = 2147483647;
			files = (
			);
			runOnlyForDeploymentPostprocessing = 0;
		};
/* End PBXResourcesBuildPhase section */

/* Begin PBXSourcesBuildPhase section */
		499C6D951C63DF2E000A3CA7 /* Sources */ = {
			isa = PBXSourcesBuildPhase;
			buildActionMask = 2147483647;
			files = (
				499C6DC61C63DF6B000A3CA7 /* ListGistsPresenter.swift in Sources */,
				499C6DC71C63DF6B000A3CA7 /* ListGistsRouter.swift in Sources */,
				499C6DC51C63DF6B000A3CA7 /* ListGistsModels.swift in Sources */,
				499C6DC41C63DF6B000A3CA7 /* ListGistsInteractor.swift in Sources */,
				499C6DC81C63DF6B000A3CA7 /* ListGistsViewController.swift in Sources */,
				499C6DC91C63DF6B000A3CA7 /* ListGistsWorker.swift in Sources */,
				499C6D9D1C63DF2E000A3CA7 /* AppDelegate.swift in Sources */,
				499C6DC31C63DF6B000A3CA7 /* ListGistsConfigurator.swift in Sources */,
			);
			runOnlyForDeploymentPostprocessing = 0;
		};
		499C6DA91C63DF2F000A3CA7 /* Sources */ = {
			isa = PBXSourcesBuildPhase;
			buildActionMask = 2147483647;
			files = (
				499C6DB21C63DF2F000A3CA7 /* GistsTests.swift in Sources */,
			);
			runOnlyForDeploymentPostprocessing = 0;
		};
/* End PBXSourcesBuildPhase section */

/* Begin PBXTargetDependency section */
		499C6DAF1C63DF2F000A3CA7 /* PBXTargetDependency */ = {
			isa = PBXTargetDependency;
			target = 499C6D981C63DF2E000A3CA7 /* Gists */;
			targetProxy = 499C6DAE1C63DF2F000A3CA7 /* PBXContainerItemProxy */;
		};
/* End PBXTargetDependency section */

/* Begin PBXVariantGroup section */
		499C6DA01C63DF2E000A3CA7 /* Main.storyboard */ = {
			isa = PBXVariantGroup;
			children = (
				499C6DA11C63DF2E000A3CA7 /* Base */,
			);
			name = Main.storyboard;
			sourceTree = "<group>";
		};
		499C6DA51C63DF2E000A3CA7 /* LaunchScreen.storyboard */ = {
			isa = PBXVariantGroup;
			children = (
				499C6DA61C63DF2E000A3CA7 /* Base */,
			);
			name = LaunchScreen.storyboard;
			sourceTree = "<group>";
		};
/* End PBXVariantGroup section */

/* Begin XCBuildConfiguration section */
		499C6DB41C63DF2F000A3CA7 /* Debug */ = {
			isa = XCBuildConfiguration;
			buildSettings = {
				ALWAYS_SEARCH_USER_PATHS = NO;
				CLANG_CXX_LANGUAGE_STANDARD = "gnu++0x";
				CLANG_CXX_LIBRARY = "libc++";
				CLANG_ENABLE_MODULES = YES;
				CLANG_ENABLE_OBJC_ARC = YES;
				CLANG_WARN_BOOL_CONVERSION = YES;
				CLANG_WARN_CONSTANT_CONVERSION = YES;
				CLANG_WARN_DIRECT_OBJC_ISA_USAGE = YES_ERROR;
				CLANG_WARN_EMPTY_BODY = YES;
				CLANG_WARN_ENUM_CONVERSION = YES;
				CLANG_WARN_INT_CONVERSION = YES;
				CLANG_WARN_OBJC_ROOT_CLASS = YES_ERROR;
				CLANG_WARN_UNREACHABLE_CODE = YES;
				CLANG_WARN__DUPLICATE_METHOD_MATCH = YES;
				"CODE_SIGN_IDENTITY[sdk=iphoneos*]" = "iPhone Developer";
				COPY_PHASE_STRIP = NO;
				DEBUG_INFORMATION_FORMAT = dwarf;
				ENABLE_STRICT_OBJC_MSGSEND = YES;
				ENABLE_TESTABILITY = YES;
				GCC_C_LANGUAGE_STANDARD = gnu99;
				GCC_DYNAMIC_NO_PIC = NO;
				GCC_NO_COMMON_BLOCKS = YES;
				GCC_OPTIMIZATION_LEVEL = 0;
				GCC_PREPROCESSOR_DEFINITIONS = (
					"DEBUG=1",
					"$(inherited)",
				);
				GCC_WARN_64_TO_32_BIT_CONVERSION = YES;
				GCC_WARN_ABOUT_RETURN_TYPE = YES_ERROR;
				GCC_WARN_UNDECLARED_SELECTOR = YES;
				GCC_WARN_UNINITIALIZED_AUTOS = YES_AGGRESSIVE;
				GCC_WARN_UNUSED_FUNCTION = YES;
				GCC_WARN_UNUSED_VARIABLE = YES;
				IPHONEOS_DEPLOYMENT_TARGET = 9.2;
				MTL_ENABLE_DEBUG_INFO = YES;
				ONLY_ACTIVE_ARCH = YES;
				SDKROOT = iphoneos;
				SWIFT_OPTIMIZATION_LEVEL = "-Onone";
			};
			name = Debug;
		};
		499C6DB51C63DF2F000A3CA7 /* Release */ = {
			isa = XCBuildConfiguration;
			buildSettings = {
				ALWAYS_SEARCH_USER_PATHS = NO;
				CLANG_CXX_LANGUAGE_STANDARD = "gnu++0x";
				CLANG_CXX_LIBRARY = "libc++";
				CLANG_ENABLE_MODULES = YES;
				CLANG_ENABLE_OBJC_ARC = YES;
				CLANG_WARN_BOOL_CONVERSION = YES;
				CLANG_WARN_CONSTANT_CONVERSION = YES;
				CLANG_WARN_DIRECT_OBJC_ISA_USAGE = YES_ERROR;
				CLANG_WARN_EMPTY_BODY = YES;
				CLANG_WARN_ENUM_CONVERSION = YES;
				CLANG_WARN_INT_CONVERSION = YES;
				CLANG_WARN_OBJC_ROOT_CLASS = YES_ERROR;
				CLANG_WARN_UNREACHABLE_CODE = YES;
				CLANG_WARN__DUPLICATE_METHOD_MATCH = YES;
				"CODE_SIGN_IDENTITY[sdk=iphoneos*]" = "iPhone Developer";
				COPY_PHASE_STRIP = NO;
				DEBUG_INFORMATION_FORMAT = "dwarf-with-dsym";
				ENABLE_NS_ASSERTIONS = NO;
				ENABLE_STRICT_OBJC_MSGSEND = YES;
				GCC_C_LANGUAGE_STANDARD = gnu99;
				GCC_NO_COMMON_BLOCKS = YES;
				GCC_WARN_64_TO_32_BIT_CONVERSION = YES;
				GCC_WARN_ABOUT_RETURN_TYPE = YES_ERROR;
				GCC_WARN_UNDECLARED_SELECTOR = YES;
				GCC_WARN_UNINITIALIZED_AUTOS = YES_AGGRESSIVE;
				GCC_WARN_UNUSED_FUNCTION = YES;
				GCC_WARN_UNUSED_VARIABLE = YES;
				IPHONEOS_DEPLOYMENT_TARGET = 9.2;
				MTL_ENABLE_DEBUG_INFO = NO;
				SDKROOT = iphoneos;
				VALIDATE_PRODUCT = YES;
			};
			name = Release;
		};
		499C6DB71C63DF2F000A3CA7 /* Debug */ = {
			isa = XCBuildConfiguration;
			buildSettings = {
				ASSETCATALOG_COMPILER_APPICON_NAME = AppIcon;
				INFOPLIST_FILE = Gists/Info.plist;
				LD_RUNPATH_SEARCH_PATHS = "$(inherited) @executable_path/Frameworks";
				PRODUCT_BUNDLE_IDENTIFIER = MHS.com.spm.Gists;
				PRODUCT_NAME = "$(TARGET_NAME)";
			};
			name = Debug;
		};
		499C6DB81C63DF2F000A3CA7 /* Release */ = {
			isa = XCBuildConfiguration;
			buildSettings = {
				ASSETCATALOG_COMPILER_APPICON_NAME = AppIcon;
				INFOPLIST_FILE = Gists/Info.plist;
				LD_RUNPATH_SEARCH_PATHS = "$(inherited) @executable_path/Frameworks";
				PRODUCT_BUNDLE_IDENTIFIER = MHS.com.spm.Gists;
				PRODUCT_NAME = "$(TARGET_NAME)";
			};
			name = Release;
		};
		499C6DBA1C63DF2F000A3CA7 /* Debug */ = {
			isa = XCBuildConfiguration;
			buildSettings = {
				BUNDLE_LOADER = "$(TEST_HOST)";
				INFOPLIST_FILE = GistsTests/Info.plist;
				LD_RUNPATH_SEARCH_PATHS = "$(inherited) @executable_path/Frameworks @loader_path/Frameworks";
				PRODUCT_BUNDLE_IDENTIFIER = MHS.com.spm.GistsTests;
				PRODUCT_NAME = "$(TARGET_NAME)";
				TEST_HOST = "$(BUILT_PRODUCTS_DIR)/Gists.app/Gists";
			};
			name = Debug;
		};
		499C6DBB1C63DF2F000A3CA7 /* Release */ = {
			isa = XCBuildConfiguration;
			buildSettings = {
				BUNDLE_LOADER = "$(TEST_HOST)";
				INFOPLIST_FILE = GistsTests/Info.plist;
				LD_RUNPATH_SEARCH_PATHS = "$(inherited) @executable_path/Frameworks @loader_path/Frameworks";
				PRODUCT_BUNDLE_IDENTIFIER = MHS.com.spm.GistsTests;
				PRODUCT_NAME = "$(TARGET_NAME)";
				TEST_HOST = "$(BUILT_PRODUCTS_DIR)/Gists.app/Gists";
			};
			name = Release;
		};
/* End XCBuildConfiguration section */

/* Begin XCConfigurationList section */
		499C6D941C63DF2E000A3CA7 /* Build configuration list for PBXProject "Gists" */ = {
			isa = XCConfigurationList;
			buildConfigurations = (
				499C6DB41C63DF2F000A3CA7 /* Debug */,
				499C6DB51C63DF2F000A3CA7 /* Release */,
			);
			defaultConfigurationIsVisible = 0;
			defaultConfigurationName = Release;
		};
		499C6DB61C63DF2F000A3CA7 /* Build configuration list for PBXNativeTarget "Gists" */ = {
			isa = XCConfigurationList;
			buildConfigurations = (
				499C6DB71C63DF2F000A3CA7 /* Debug */,
				499C6DB81C63DF2F000A3CA7 /* Release */,
			);
			defaultConfigurationIsVisible = 0;
		};
		499C6DB91C63DF2F000A3CA7 /* Build configuration list for PBXNativeTarget "GistsTests" */ = {
			isa = XCConfigurationList;
			buildConfigurations = (
				499C6DBA1C63DF2F000A3CA7 /* Debug */,
				499C6DBB1C63DF2F000A3CA7 /* Release */,
			);
			defaultConfigurationIsVisible = 0;
		};
/* End XCConfigurationList section */
	};
	rootObject = 499C6D911C63DF2E000A3CA7 /* Project object */;
}
